
Microsoft Visual Studio Solution File, Format Version 12.00
# Visual Studio 15
VisualStudioVersion = 15.0.28307.168
MinimumVisualStudioVersion = 10.0.40219.1
Project("{2150E333-8FDC-42A3-9474-1A3956D46DE8}") = "ZL_Game", "ZL_Game", "{6640609E-1475-4611-B9F8-CA0F06583444}"
EndProject
Project("{39E2626F-3545-4960-A6E8-258AD8476CE5}") = "ZL_Game.Android.Packaging", "ZL_Game\ZL_Game.Android.Packaging\ZL_Game.Android.Packaging.androidproj", "{0FF20FEF-4CCF-4359-8C21-D04A518D9034}"
EndProject
Project("{2150E333-8FDC-42A3-9474-1A3956D46DE8}") = "Libraries", "Libraries", "{50312CFB-83DF-447A-B8AD-E2F0DCB65F66}"
EndProject
Project("{8BC9CEB8-8B4A-11D0-8D11-00A0C91BC942}") = "ZL_Game.Shared", "ZL_Game\ZL_Game.Shared\ZL_Game.Shared.vcxitems", "{3A5C0F54-0D5F-4D88-A6F2-F572934D88B3}"
EndProject
Project("{8BC9CEB8-8B4A-11D0-8D11-00A0C91BC942}") = "ZL_Game.Android.NativeActivity", "ZL_Game\ZL_Game.Android.NativeActivity\ZL_Game.Android.NativeActivity.vcxproj", "{C2413DC4-7CE2-4F91-BB3E-64C6CCF1D412}"
EndProject
Global
	GlobalSection(SharedMSBuildProjectFiles) = preSolution
		ZL_Game\ZL_Game.Shared\ZL_Game.Shared.vcxitems*{3a5c0f54-0d5f-4d88-a6f2-f572934d88b3}*SharedItemsImports = 9
		ZL_Game\ZL_Game.Shared\ZL_Game.Shared.vcxitems*{c2413dc4-7ce2-4f91-bb3e-64c6ccf1d412}*SharedItemsImports = 4
	EndGlobalSection
	GlobalSection(SolutionConfigurationPlatforms) = preSolution
		Debug|ARM = Debug|ARM
		Debug|ARM64 = Debug|ARM64
		Debug|x64 = Debug|x64
		Debug|x86 = Debug|x86
		Release|ARM = Release|ARM
		Release|ARM64 = Release|ARM64
		Release|x64 = Release|x64
		Release|x86 = Release|x86
	EndGlobalSection
	GlobalSection(ProjectConfigurationPlatforms) = postSolution
		{0FF20FEF-4CCF-4359-8C21-D04A518D9034}.Debug|ARM.ActiveCfg = Debug|ARM
		{0FF20FEF-4CCF-4359-8C21-D04A518D9034}.Debug|ARM.Build.0 = Debug|ARM
		{0FF20FEF-4CCF-4359-8C21-D04A518D9034}.Debug|ARM.Deploy.0 = Debug|ARM
		{0FF20FEF-4CCF-4359-8C21-D04A518D9034}.Debug|ARM64.ActiveCfg = Debug|ARM64
		{0FF20FEF-4CCF-4359-8C21-D04A518D9034}.Debug|ARM64.Build.0 = Debug|ARM64
		{0FF20FEF-4CCF-4359-8C21-D04A518D9034}.Debug|ARM64.Deploy.0 = Debug|ARM64
		{0FF20FEF-4CCF-4359-8C21-D04A518D9034}.Debug|x64.ActiveCfg = Debug|x64
		{0FF20FEF-4CCF-4359-8C21-D04A518D9034}.Debug|x64.Build.0 = Debug|x64
		{0FF20FEF-4CCF-4359-8C21-D04A518D9034}.Debug|x64.Deploy.0 = Debug|x64
		{0FF20FEF-4CCF-4359-8C21-D04A518D9034}.Debug|x86.ActiveCfg = Debug|x86
		{0FF20FEF-4CCF-4359-8C21-D04A518D9034}.Debug|x86.Build.0 = Debug|x86
		{0FF20FEF-4CCF-4359-8C21-D04A518D9034}.Debug|x86.Deploy.0 = Debug|x86
		{0FF20FEF-4CCF-4359-8C21-D04A518D9034}.Release|ARM.ActiveCfg = Release|ARM
		{0FF20FEF-4CCF-4359-8C21-D04A518D9034}.Release|ARM.Build.0 = Release|ARM
		{0FF20FEF-4CCF-4359-8C21-D04A518D9034}.Release|ARM.Deploy.0 = Release|ARM
		{0FF20FEF-4CCF-4359-8C21-D04A518D9034}.Release|ARM64.ActiveCfg = Release|ARM64
		{0FF20FEF-4CCF-4359-8C21-D04A518D9034}.Release|ARM64.Build.0 = Release|ARM64
		{0FF20FEF-4CCF-4359-8C21-D04A518D9034}.Release|ARM64.Deploy.0 = Release|ARM64
		{0FF20FEF-4CCF-4359-8C21-D04A518D9034}.Release|x64.ActiveCfg = Release|x64
		{0FF20FEF-4CCF-4359-8C21-D04A518D9034}.Release|x64.Build.0 = Release|x64
		{0FF20FEF-4CCF-4359-8C21-D04A518D9034}.Release|x64.Deploy.0 = Release|x64
		{0FF20FEF-4CCF-4359-8C21-D04A518D9034}.Release|x86.ActiveCfg = Release|x86
		{0FF20FEF-4CCF-4359-8C21-D04A518D9034}.Release|x86.Build.0 = Release|x86
		{0FF20FEF-4CCF-4359-8C21-D04A518D9034}.Release|x86.Deploy.0 = Release|x86
		{C2413DC4-7CE2-4F91-BB3E-64C6CCF1D412}.Debug|ARM.ActiveCfg = Debug|ARM
		{C2413DC4-7CE2-4F91-BB3E-64C6CCF1D412}.Debug|ARM.Build.0 = Debug|ARM
		{C2413DC4-7CE2-4F91-BB3E-64C6CCF1D412}.Debug|ARM64.ActiveCfg = Debug|ARM64
		{C2413DC4-7CE2-4F91-BB3E-64C6CCF1D412}.Debug|ARM64.Build.0 = Debug|ARM64
		{C2413DC4-7CE2-4F91-BB3E-64C6CCF1D412}.Debug|x64.ActiveCfg = Debug|x64
		{C2413DC4-7CE2-4F91-BB3E-64C6CCF1D412}.Debug|x64.Build.0 = Debug|x64
		{C2413DC4-7CE2-4F91-BB3E-64C6CCF1D412}.Debug|x86.ActiveCfg = Debug|x86
		{C2413DC4-7CE2-4F91-BB3E-64C6CCF1D412}.Debug|x86.Build.0 = Debug|x86
		{C2413DC4-7CE2-4F91-BB3E-64C6CCF1D412}.Release|ARM.ActiveCfg = Release|ARM
		{C2413DC4-7CE2-4F91-BB3E-64C6CCF1D412}.Release|ARM.Build.0 = Release|ARM
		{C2413DC4-7CE2-4F91-BB3E-64C6CCF1D412}.Release|ARM64.ActiveCfg = Release|ARM64
		{C2413DC4-7CE2-4F91-BB3E-64C6CCF1D412}.Release|ARM64.Build.0 = Release|ARM64
		{C2413DC4-7CE2-4F91-BB3E-64C6CCF1D412}.Release|x64.ActiveCfg = Release|x64
		{C2413DC4-7CE2-4F91-BB3E-64C6CCF1D412}.Release|x64.Build.0 = Release|x64
		{C2413DC4-7CE2-4F91-BB3E-64C6CCF1D412}.Release|x86.ActiveCfg = Release|x86
		{C2413DC4-7CE2-4F91-BB3E-64C6CCF1D412}.Release|x86.Build.0 = Release|x86
	EndGlobalSection
	GlobalSection(SolutionProperties) = preSolution
		HideSolutionNode = FALSE
	EndGlobalSection
	GlobalSection(NestedProjects) = preSolution
		{0FF20FEF-4CCF-4359-8C21-D04A518D9034} = {6640609E-1475-4611-B9F8-CA0F06583444}
		{50312CFB-83DF-447A-B8AD-E2F0DCB65F66} = {6640609E-1475-4611-B9F8-CA0F06583444}
		{3A5C0F54-0D5F-4D88-A6F2-F572934D88B3} = {50312CFB-83DF-447A-B8AD-E2F0DCB65F66}
		{C2413DC4-7CE2-4F91-BB3E-64C6CCF1D412} = {50312CFB-83DF-447A-B8AD-E2F0DCB65F66}
	EndGlobalSection
	GlobalSection(ExtensibilityGlobals) = postSolution
		SolutionGuid = {057E65B3-C41C-4DCA-8897-2D10A795E63B}
	EndGlobalSection
EndGlobal
